
Microsoft Visual Studio Solution File, Format Version 12.00
# Visual Studio 15
VisualStudioVersion = 15.0.28010.2048
MinimumVisualStudioVersion = 10.0.40219.1
Project("{9A19103F-16F7-4668-BE54-9A1E7A4F7556}") = "00 - MvcCore", "MvcCore\00 - MvcCore.csproj", "{1A79DD9D-2ABE-4147-9D17-D435929ED506}"
EndProject
Project("{9A19103F-16F7-4668-BE54-9A1E7A4F7556}") = "01 - MvcCore.WebApp.CustomAuthneticationProvider", "MvcCore.WebApp\01 - MvcCore.WebApp.CustomAuthneticationProvider.csproj", "{CA167C26-4C0B-4EEB-B217-D74938ADCB45}"
EndProject
Project("{9A19103F-16F7-4668-BE54-9A1E7A4F7556}") = "02 - MvcCore.WebApp.DependencyInjection", "MvcCore.WebApp.DependencyInjection\02 - MvcCore.WebApp.DependencyInjection.csproj", "{20901D9D-066F-4351-8731-13E23FC50EC7}"
EndProject
Project("{9A19103F-16F7-4668-BE54-9A1E7A4F7556}") = "03 - MvcCore.WebApp.CustomLog", "MvcCore.WebApp.CustomLog\03 - MvcCore.WebApp.CustomLog.csproj", "{DFFE31B3-D3C7-4B32-ADDA-0D979623A1B4}"
EndProject
Project("{9A19103F-16F7-4668-BE54-9A1E7A4F7556}") = "04 - MvcCore.WebApp.Options", "MvcCore.WebApp.Options\04 - MvcCore.WebApp.Options.csproj", "{1FD02A5B-9961-40DB-A156-679869E84692}"
EndProject
Project("{FAE04EC0-301F-11D3-BF4B-00C04F79EFBC}") = "08 - MvcCore.WebApp.Middleware", "MvcCore.WebApp.Middleware\08 - MvcCore.WebApp.Middleware.csproj", "{7D10F2F6-FB23-4537-9858-4AFBBBC7711B}"
EndProject
Global
	GlobalSection(SolutionConfigurationPlatforms) = preSolution
		Debug|Any CPU = Debug|Any CPU
		Release|Any CPU = Release|Any CPU
	EndGlobalSection
	GlobalSection(ProjectConfigurationPlatforms) = postSolution
		{1A79DD9D-2ABE-4147-9D17-D435929ED506}.Debug|Any CPU.ActiveCfg = Debug|Any CPU
		{1A79DD9D-2ABE-4147-9D17-D435929ED506}.Debug|Any CPU.Build.0 = Debug|Any CPU
		{1A79DD9D-2ABE-4147-9D17-D435929ED506}.Release|Any CPU.ActiveCfg = Release|Any CPU
		{1A79DD9D-2ABE-4147-9D17-D435929ED506}.Release|Any CPU.Build.0 = Release|Any CPU
		{CA167C26-4C0B-4EEB-B217-D74938ADCB45}.Debug|Any CPU.ActiveCfg = Debug|Any CPU
		{CA167C26-4C0B-4EEB-B217-D74938ADCB45}.Debug|Any CPU.Build.0 = Debug|Any CPU
		{CA167C26-4C0B-4EEB-B217-D74938ADCB45}.Release|Any CPU.ActiveCfg = Release|Any CPU
		{CA167C26-4C0B-4EEB-B217-D74938ADCB45}.Release|Any CPU.Build.0 = Release|Any CPU
		{20901D9D-066F-4351-8731-13E23FC50EC7}.Debug|Any CPU.ActiveCfg = Debug|Any CPU
		{20901D9D-066F-4351-8731-13E23FC50EC7}.Debug|Any CPU.Build.0 = Debug|Any CPU
		{20901D9D-066F-4351-8731-13E23FC50EC7}.Release|Any CPU.ActiveCfg = Release|Any CPU
		{20901D9D-066F-4351-8731-13E23FC50EC7}.Release|Any CPU.Build.0 = Release|Any CPU
		{DFFE31B3-D3C7-4B32-ADDA-0D979623A1B4}.Debug|Any CPU.ActiveCfg = Debug|Any CPU
		{DFFE31B3-D3C7-4B32-ADDA-0D979623A1B4}.Debug|Any CPU.Build.0 = Debug|Any CPU
		{DFFE31B3-D3C7-4B32-ADDA-0D979623A1B4}.Release|Any CPU.ActiveCfg = Release|Any CPU
		{DFFE31B3-D3C7-4B32-ADDA-0D979623A1B4}.Release|Any CPU.Build.0 = Release|Any CPU
		{1FD02A5B-9961-40DB-A156-679869E84692}.Debug|Any CPU.ActiveCfg = Debug|Any CPU
		{1FD02A5B-9961-40DB-A156-679869E84692}.Debug|Any CPU.Build.0 = Debug|Any CPU
		{1FD02A5B-9961-40DB-A156-679869E84692}.Release|Any CPU.ActiveCfg = Release|Any CPU
		{1FD02A5B-9961-40DB-A156-679869E84692}.Release|Any CPU.Build.0 = Release|Any CPU
		{7D10F2F6-FB23-4537-9858-4AFBBBC7711B}.Debug|Any CPU.ActiveCfg = Debug|Any CPU
		{7D10F2F6-FB23-4537-9858-4AFBBBC7711B}.Debug|Any CPU.Build.0 = Debug|Any CPU
		{7D10F2F6-FB23-4537-9858-4AFBBBC7711B}.Release|Any CPU.ActiveCfg = Release|Any CPU
		{7D10F2F6-FB23-4537-9858-4AFBBBC7711B}.Release|Any CPU.Build.0 = Release|Any CPU
	EndGlobalSection
	GlobalSection(SolutionProperties) = preSolution
		HideSolutionNode = FALSE
	EndGlobalSection
	GlobalSection(ExtensibilityGlobals) = postSolution
		SolutionGuid = {AFF797D7-86C5-4587-94CA-8E0D32CF463E}
	EndGlobalSection
EndGlobal
